
Microsoft Visual Studio Solution File, Format Version 12.00
# Visual Studio Version 17
VisualStudioVersion = 17.8.34322.80
MinimumVisualStudioVersion = 10.0.40219.1
Project("{FAE04EC0-301F-11D3-BF4B-00C04F79EFBC}") = "SISTEMA GESTION DE HOTEL", "SISTEMA GESTION DE HOTEL.csproj", "{1B970D38-AF4A-4D52-B47F-D2BC2C1971E6}"
EndProject
Global
	GlobalSection(SolutionConfigurationPlatforms) = preSolution
		Debug|Any CPU = Debug|Any CPU
		Release|Any CPU = Release|Any CPU
	EndGlobalSection
	GlobalSection(ProjectConfigurationPlatforms) = postSolution
		{1B970D38-AF4A-4D52-B47F-D2BC2C1971E6}.Debug|Any CPU.ActiveCfg = Debug|Any CPU
		{1B970D38-AF4A-4D52-B47F-D2BC2C1971E6}.Debug|Any CPU.Build.0 = Debug|Any CPU
		{1B970D38-AF4A-4D52-B47F-D2BC2C1971E6}.Release|Any CPU.ActiveCfg = Release|Any CPU
		{1B970D38-AF4A-4D52-B47F-D2BC2C1971E6}.Release|Any CPU.Build.0 = Release|Any CPU
	EndGlobalSection
	GlobalSection(SolutionProperties) = preSolution
		HideSolutionNode = FALSE
	EndGlobalSection
	GlobalSection(ExtensibilityGlobals) = postSolution
		SolutionGuid = {BD025516-4155-48C1-80FF-BE61DE441AA9}
	EndGlobalSection
EndGlobal
